
Microsoft Visual Studio Solution File, Format Version 12.00
# Visual Studio Version 16
VisualStudioVersion = 16.0.31129.286
MinimumVisualStudioVersion = 10.0.40219.1
Project("{8BC9CEB8-8B4A-11D0-8D11-00A0C91BC942}") = "Tower defense local", "Tower defense local\Tower defense local.vcxproj", "{5580BE8B-1BCA-41A7-9D40-B28DBADB913B}"
EndProject
Global
	GlobalSection(SolutionConfigurationPlatforms) = preSolution
		Debug|x64 = Debug|x64
		Debug|x86 = Debug|x86
		Release|x64 = Release|x64
		Release|x86 = Release|x86
	EndGlobalSection
	GlobalSection(ProjectConfigurationPlatforms) = postSolution
		{5580BE8B-1BCA-41A7-9D40-B28DBADB913B}.Debug|x64.ActiveCfg = Debug|x64
		{5580BE8B-1BCA-41A7-9D40-B28DBADB913B}.Debug|x64.Build.0 = Debug|x64
		{5580BE8B-1BCA-41A7-9D40-B28DBADB913B}.Debug|x86.ActiveCfg = Debug|Win32
		{5580BE8B-1BCA-41A7-9D40-B28DBADB913B}.Debug|x86.Build.0 = Debug|Win32
		{5580BE8B-1BCA-41A7-9D40-B28DBADB913B}.Release|x64.ActiveCfg = Release|x64
		{5580BE8B-1BCA-41A7-9D40-B28DBADB913B}.Release|x64.Build.0 = Release|x64
		{5580BE8B-1BCA-41A7-9D40-B28DBADB913B}.Release|x86.ActiveCfg = Release|Win32
		{5580BE8B-1BCA-41A7-9D40-B28DBADB913B}.Release|x86.Build.0 = Release|Win32
	EndGlobalSection
	GlobalSection(SolutionProperties) = preSolution
		HideSolutionNode = FALSE
	EndGlobalSection
	GlobalSection(ExtensibilityGlobals) = postSolution
		SolutionGuid = {241ED297-EA1F-45A2-BA1D-123A6FA67B60}
	EndGlobalSection
EndGlobal
